PODS:
  - YandexMobileMetrica/Dynamic (4.5.0):
    - YandexMobileMetrica/Dynamic/Core (= 4.5.0)
    - YandexMobileMetrica/Dynamic/Crashes (= 4.5.0)
  - YandexMobileMetrica/Dynamic/Core (4.5.0)
  - YandexMobileMetrica/Dynamic/Crashes (4.5.0):
    - YandexMobileMetrica/Dynamic/Core

DEPENDENCIES:
  - YandexMobileMetrica/Dynamic (= 4.5.0)

SPEC REPOS:
  trunk:
    - YandexMobileMetrica

SPEC CHECKSUMS:
  YandexMobileMetrica: 7dafc7d224077d4443ab3a587b82b24e9b6cc9c7

PODFILE CHECKSUM: fe6d8ef55c3ced15d126faece47a5dfc525e9a32

COCOAPODS: 1.11.3
